{
  "name": "ess-hk-disease-surveillance",
  "version": "1.0.0",
  "lockfileVersion": 3,
  "requires": true,
  "packages": {
    "": {
      "name": "ess-hk-disease-surveillance",
      "version": "1.0.0",
      "license": "UNLICENSED",
      "dependencies": {
        "dotenv": "^16.4.5"
      }
    },
    "node_modules/dotenv": {
      "version": "16.4.5",
      "resolved": "https://registry.npmjs.org/dotenv/-/dotenv-16.4.5.tgz",
      "integrity": "sha512-ZmdL2rui+eB2YwhsWzjInR8LldtZHGDoQ1ugH85ppHKwpUHL7j7rN0Ti9NCnkFiZWFWhkBMhu7nz3aCFR7myA==",
      "engines": {
        "node": ">=12"
      }
    }
  }
}
